
Microsoft Visual Studio Solution File, Format Version 12.00
# Visual Studio Version 17
VisualStudioVersion = 17.4.33213.308
MinimumVisualStudioVersion = 10.0.40219.1
Project("{FAE04EC0-301F-11D3-BF4B-00C04F79EFBC}") = "MonoPotok", "MonoPotok\MonoPotok.csproj", "{3B703F98-EFCB-4A80-81C3-DD0B6F50318A}"
EndProject
Global
	GlobalSection(SolutionConfigurationPlatforms) = preSolution
		Debug|Any CPU = Debug|Any CPU
		Release|Any CPU = Release|Any CPU
	EndGlobalSection
	GlobalSection(ProjectConfigurationPlatforms) = postSolution
		{3B703F98-EFCB-4A80-81C3-DD0B6F50318A}.Debug|Any CPU.ActiveCfg = Debug|Any CPU
		{3B703F98-EFCB-4A80-81C3-DD0B6F50318A}.Debug|Any CPU.Build.0 = Debug|Any CPU
		{3B703F98-EFCB-4A80-81C3-DD0B6F50318A}.Release|Any CPU.ActiveCfg = Release|Any CPU
		{3B703F98-EFCB-4A80-81C3-DD0B6F50318A}.Release|Any CPU.Build.0 = Release|Any CPU
	EndGlobalSection
	GlobalSection(SolutionProperties) = preSolution
		HideSolutionNode = FALSE
	EndGlobalSection
	GlobalSection(ExtensibilityGlobals) = postSolution
		SolutionGuid = {5DBAA280-B1B3-4BDC-A8FF-56402D009384}
	EndGlobalSection
EndGlobal
